
Microsoft Visual Studio Solution File, Format Version 12.00
# Visual Studio Version 17
VisualStudioVersion = 17.14.36109.1 d17.14
MinimumVisualStudioVersion = 10.0.40219.1
Project("{FAE04EC0-301F-11D3-BF4B-00C04F79EFBC}") = "ConsoleApp1", "ConsoleApp1\ConsoleApp1.csproj", "{EA3B1AB6-D0D4-4787-8156-43EAD874A88C}"
EndProject
Global
	GlobalSection(SolutionConfigurationPlatforms) = preSolution
		Debug|Any CPU = Debug|Any CPU
		Release|Any CPU = Release|Any CPU
	EndGlobalSection
	GlobalSection(ProjectConfigurationPlatforms) = postSolution
		{EA3B1AB6-D0D4-4787-8156-43EAD874A88C}.Debug|Any CPU.ActiveCfg = Debug|Any CPU
		{EA3B1AB6-D0D4-4787-8156-43EAD874A88C}.Debug|Any CPU.Build.0 = Debug|Any CPU
		{EA3B1AB6-D0D4-4787-8156-43EAD874A88C}.Release|Any CPU.ActiveCfg = Release|Any CPU
		{EA3B1AB6-D0D4-4787-8156-43EAD874A88C}.Release|Any CPU.Build.0 = Release|Any CPU
	EndGlobalSection
	GlobalSection(SolutionProperties) = preSolution
		HideSolutionNode = FALSE
	EndGlobalSection
	GlobalSection(ExtensibilityGlobals) = postSolution
		SolutionGuid = {4774E116-C371-45FE-84FF-2F4EBB6CDD6E}
	EndGlobalSection
EndGlobal
